
Microsoft Visual Studio Solution File, Format Version 12.00
# Visual Studio Version 16
VisualStudioVersion = 16.0.29009.5
MinimumVisualStudioVersion = 10.0.40219.1
Project("{FAE04EC0-301F-11D3-BF4B-00C04F79EFBC}") = "FizzBuzz Challenge", "FizzBuzz Challenge\FizzBuzz Challenge.csproj", "{2F51F8FD-0787-4A33-8758-553DE1621995}"
EndProject
Global
	GlobalSection(SolutionConfigurationPlatforms) = preSolution
		Debug|Any CPU = Debug|Any CPU
		Release|Any CPU = Release|Any CPU
	EndGlobalSection
	GlobalSection(ProjectConfigurationPlatforms) = postSolution
		{2F51F8FD-0787-4A33-8758-553DE1621995}.Debug|Any CPU.ActiveCfg = Debug|Any CPU
		{2F51F8FD-0787-4A33-8758-553DE1621995}.Debug|Any CPU.Build.0 = Debug|Any CPU
		{2F51F8FD-0787-4A33-8758-553DE1621995}.Release|Any CPU.ActiveCfg = Release|Any CPU
		{2F51F8FD-0787-4A33-8758-553DE1621995}.Release|Any CPU.Build.0 = Release|Any CPU
	EndGlobalSection
	GlobalSection(SolutionProperties) = preSolution
		HideSolutionNode = FALSE
	EndGlobalSection
	GlobalSection(ExtensibilityGlobals) = postSolution
		SolutionGuid = {0386A2FF-59DF-4676-95D7-BFBD52C28F94}
	EndGlobalSection
EndGlobal
